
Microsoft Visual Studio Solution File, Format Version 12.00
# Visual Studio Version 16
VisualStudioVersion = 16.0.32413.511
MinimumVisualStudioVersion = 10.0.40219.1
Project("{FAE04EC0-301F-11D3-BF4B-00C04F79EFBC}") = "MyContactBookInWpf", "MyContactBookInWpf\MyContactBookInWpf.csproj", "{AE56AAE9-F3A1-404B-9245-222B51D571E7}"
EndProject
Global
	GlobalSection(SolutionConfigurationPlatforms) = preSolution
		Debug|Any CPU = Debug|Any CPU
		Release|Any CPU = Release|Any CPU
	EndGlobalSection
	GlobalSection(ProjectConfigurationPlatforms) = postSolution
		{AE56AAE9-F3A1-404B-9245-222B51D571E7}.Debug|Any CPU.ActiveCfg = Debug|Any CPU
		{AE56AAE9-F3A1-404B-9245-222B51D571E7}.Debug|Any CPU.Build.0 = Debug|Any CPU
		{AE56AAE9-F3A1-404B-9245-222B51D571E7}.Release|Any CPU.ActiveCfg = Release|Any CPU
		{AE56AAE9-F3A1-404B-9245-222B51D571E7}.Release|Any CPU.Build.0 = Release|Any CPU
	EndGlobalSection
	GlobalSection(SolutionProperties) = preSolution
		HideSolutionNode = FALSE
	EndGlobalSection
	GlobalSection(ExtensibilityGlobals) = postSolution
		SolutionGuid = {ABEF26BD-5DA0-4BD6-AF0D-D3AFBC2E121E}
	EndGlobalSection
EndGlobal
